
Microsoft Visual Studio Solution File, Format Version 12.00
# Visual Studio Version 17
VisualStudioVersion = 17.3.32811.315
MinimumVisualStudioVersion = 10.0.40219.1
Project("{9A19103F-16F7-4668-BE54-9A1E7A4F7556}") = "EncryptOffice", "EncryptOffice\EncryptOffice.csproj", "{003980B6-AEDB-4C34-8935-B40534502721}"
EndProject
Project("{9A19103F-16F7-4668-BE54-9A1E7A4F7556}") = "purify", "purify\purify.csproj", "{C4980D54-4E36-4350-A17B-83EA991DAF6A}"
EndProject
Global
	GlobalSection(SolutionConfigurationPlatforms) = preSolution
		Debug|Any CPU = Debug|Any CPU
		Release|Any CPU = Release|Any CPU
	EndGlobalSection
	GlobalSection(ProjectConfigurationPlatforms) = postSolution
		{003980B6-AEDB-4C34-8935-B40534502721}.Debug|Any CPU.ActiveCfg = Debug|Any CPU
		{003980B6-AEDB-4C34-8935-B40534502721}.Debug|Any CPU.Build.0 = Debug|Any CPU
		{003980B6-AEDB-4C34-8935-B40534502721}.Release|Any CPU.ActiveCfg = Release|Any CPU
		{003980B6-AEDB-4C34-8935-B40534502721}.Release|Any CPU.Build.0 = Release|Any CPU
		{C4980D54-4E36-4350-A17B-83EA991DAF6A}.Debug|Any CPU.ActiveCfg = Debug|Any CPU
		{C4980D54-4E36-4350-A17B-83EA991DAF6A}.Debug|Any CPU.Build.0 = Debug|Any CPU
		{C4980D54-4E36-4350-A17B-83EA991DAF6A}.Release|Any CPU.ActiveCfg = Release|Any CPU
		{C4980D54-4E36-4350-A17B-83EA991DAF6A}.Release|Any CPU.Build.0 = Release|Any CPU
	EndGlobalSection
	GlobalSection(SolutionProperties) = preSolution
		HideSolutionNode = FALSE
	EndGlobalSection
	GlobalSection(ExtensibilityGlobals) = postSolution
		SolutionGuid = {A83E581E-1E46-412B-85AA-2156734D7785}
	EndGlobalSection
EndGlobal
